
Microsoft Visual Studio Solution File, Format Version 12.00
# Visual Studio Version 17
VisualStudioVersion = 17.0.31903.59
MinimumVisualStudioVersion = 10.0.40219.1
Project("{FAE04EC0-301F-11D3-BF4B-00C04F79EFBC}") = "Game", "Game\Game.csproj", "{FCF56D29-E1A5-49AE-9EB5-3CD137238BF9}"
EndProject
Project("{FAE04EC0-301F-11D3-BF4B-00C04F79EFBC}") = "GameTests", "GameTests\GameTests.csproj", "{F85FA6EA-837B-4CA4-BD20-A7F0EC60024C}"
EndProject
Global
	GlobalSection(SolutionConfigurationPlatforms) = preSolution
		Debug|Any CPU = Debug|Any CPU
		Release|Any CPU = Release|Any CPU
	EndGlobalSection
	GlobalSection(SolutionProperties) = preSolution
		HideSolutionNode = FALSE
	EndGlobalSection
	GlobalSection(ProjectConfigurationPlatforms) = postSolution
		{FCF56D29-E1A5-49AE-9EB5-3CD137238BF9}.Debug|Any CPU.ActiveCfg = Debug|Any CPU
		{FCF56D29-E1A5-49AE-9EB5-3CD137238BF9}.Debug|Any CPU.Build.0 = Debug|Any CPU
		{FCF56D29-E1A5-49AE-9EB5-3CD137238BF9}.Release|Any CPU.ActiveCfg = Release|Any CPU
		{FCF56D29-E1A5-49AE-9EB5-3CD137238BF9}.Release|Any CPU.Build.0 = Release|Any CPU
		{F85FA6EA-837B-4CA4-BD20-A7F0EC60024C}.Debug|Any CPU.ActiveCfg = Debug|Any CPU
		{F85FA6EA-837B-4CA4-BD20-A7F0EC60024C}.Debug|Any CPU.Build.0 = Debug|Any CPU
		{F85FA6EA-837B-4CA4-BD20-A7F0EC60024C}.Release|Any CPU.ActiveCfg = Release|Any CPU
		{F85FA6EA-837B-4CA4-BD20-A7F0EC60024C}.Release|Any CPU.Build.0 = Release|Any CPU
	EndGlobalSection
EndGlobal
